
Microsoft Visual Studio Solution File, Format Version 12.00
# Visual Studio 15
VisualStudioVersion = 15.0.28307.779
MinimumVisualStudioVersion = 10.0.40219.1
Project("{FAE04EC0-301F-11D3-BF4B-00C04F79EFBC}") = "Student_Information", "Student_Information\Student_Information.csproj", "{74C778CC-B99E-4E03-8D2A-98A068D0EFDA}"
EndProject
Global
	GlobalSection(SolutionConfigurationPlatforms) = preSolution
		Debug|Any CPU = Debug|Any CPU
		Release|Any CPU = Release|Any CPU
	EndGlobalSection
	GlobalSection(ProjectConfigurationPlatforms) = postSolution
		{74C778CC-B99E-4E03-8D2A-98A068D0EFDA}.Debug|Any CPU.ActiveCfg = Debug|Any CPU
		{74C778CC-B99E-4E03-8D2A-98A068D0EFDA}.Debug|Any CPU.Build.0 = Debug|Any CPU
		{74C778CC-B99E-4E03-8D2A-98A068D0EFDA}.Release|Any CPU.ActiveCfg = Release|Any CPU
		{74C778CC-B99E-4E03-8D2A-98A068D0EFDA}.Release|Any CPU.Build.0 = Release|Any CPU
	EndGlobalSection
	GlobalSection(SolutionProperties) = preSolution
		HideSolutionNode = FALSE
	EndGlobalSection
	GlobalSection(ExtensibilityGlobals) = postSolution
		SolutionGuid = {5D235D65-5D8C-43FC-861E-07A4F9ABF4AB}
	EndGlobalSection
EndGlobal
